
Microsoft Visual Studio Solution File, Format Version 12.00
# Visual Studio Version 16
VisualStudioVersion = 16.0.32126.315
MinimumVisualStudioVersion = 10.0.40219.1
Project("{FAE04EC0-301F-11D3-BF4B-00C04F79EFBC}") = "BerberistanWeb", "BerberistanWeb\BerberistanWeb.csproj", "{1A503E5D-246C-4E94-B5E6-CC61288ABD18}"
EndProject
Global
	GlobalSection(SolutionConfigurationPlatforms) = preSolution
		Debug|Any CPU = Debug|Any CPU
		Release|Any CPU = Release|Any CPU
	EndGlobalSection
	GlobalSection(ProjectConfigurationPlatforms) = postSolution
		{1A503E5D-246C-4E94-B5E6-CC61288ABD18}.Debug|Any CPU.ActiveCfg = Debug|Any CPU
		{1A503E5D-246C-4E94-B5E6-CC61288ABD18}.Debug|Any CPU.Build.0 = Debug|Any CPU
		{1A503E5D-246C-4E94-B5E6-CC61288ABD18}.Release|Any CPU.ActiveCfg = Release|Any CPU
		{1A503E5D-246C-4E94-B5E6-CC61288ABD18}.Release|Any CPU.Build.0 = Release|Any CPU
	EndGlobalSection
	GlobalSection(SolutionProperties) = preSolution
		HideSolutionNode = FALSE
	EndGlobalSection
	GlobalSection(ExtensibilityGlobals) = postSolution
		SolutionGuid = {6063BAA6-660B-49F7-B245-F018E6B75F30}
	EndGlobalSection
EndGlobal
